{
    "version": 3,
    "terraform_version": "0.11.7",
    "serial": 9,
    "lineage": "14ce696c-48ea-b036-025c-68a38cd1ed57",
    "modules": [
        {
            "path": [
                "root"
            ],
            "outputs": {
                "aws_instance_public_dns": {
                    "sensitive": false,
                    "type": "string",
                    "value": "ec2-54-210-152-118.compute-1.amazonaws.com"
                }
            },
            "resources": {
                "aws_instance.Ubuntu_terraform": {
                    "type": "aws_instance",
                    "depends_on": [],
                    "primary": {
                        "id": "i-0894be6b05d4b9b48",
                        "attributes": {
                            "ami": "ami-79cbe36f",
                            "associate_public_ip_address": "true",
                            "availability_zone": "us-east-1a",
                            "credit_specification.#": "1",
                            "credit_specification.0.cpu_credits": "standard",
                            "disable_api_termination": "false",
                            "ebs_block_device.#": "0",
                            "ebs_optimized": "false",
                            "ephemeral_block_device.#": "0",
                            "get_password_data": "false",
                            "iam_instance_profile": "",
                            "id": "i-0894be6b05d4b9b48",
                            "instance_state": "running",
                            "instance_type": "t2.micro",
                            "ipv6_addresses.#": "0",
                            "key_name": "PYTHON",
                            "monitoring": "false",
                            "network_interface.#": "0",
                            "network_interface_id": "eni-25802fb8",
                            "password_data": "",
                            "placement_group": "",
                            "primary_network_interface_id": "eni-25802fb8",
                            "private_dns": "ip-190-10-1-96.ec2.internal",
                            "private_ip": "190.10.1.96",
                            "public_dns": "ec2-54-210-152-118.compute-1.amazonaws.com",
                            "public_ip": "54.210.152.118",
                            "root_block_device.#": "1",
                            "root_block_device.0.delete_on_termination": "true",
                            "root_block_device.0.iops": "100",
                            "root_block_device.0.volume_id": "vol-0e23f0c93b13a629f",
                            "root_block_device.0.volume_size": "8",
                            "root_block_device.0.volume_type": "gp2",
                            "security_groups.#": "0",
                            "source_dest_check": "true",
                            "subnet_id": "subnet-4b6b6613",
                            "tags.%": "0",
                            "tenancy": "default",
                            "volume_tags.%": "0",
                            "vpc_security_group_ids.#": "1",
                            "vpc_security_group_ids.1995535192": "sg-8e1a70ff"
                        },
                        "meta": {
                            "e2bfb730-ecaa-11e6-8f88-34363bc7c4c0": {
                                "create": 600000000000,
                                "delete": 1200000000000,
                                "update": 600000000000
                            },
                            "schema_version": "1"
                        },
                        "tainted": false
                    },
                    "deposed": [],
                    "provider": "provider.aws"
                }
            },
            "depends_on": []
        }
    ]
}
